{
  "name": "tableau-wdc-renxt",
  "version": "0.0.1",
  "lockfileVersion": 2,
  "requires": true,
  "packages": {
    "": {
      "name": "tableau-wdc-renxt",
      "version": "0.0.1",
      "license": "MIT",
      "dependencies": {
        "cookie-parser": "~1.3.*",
        "cors": "^2.8.5",
        "csv-parse": "^5.6.0",
        "csv-stringify": "^6.5.2",
        "dotenv": "^16.5.0",
        "express": "~4.13.*",
        "express-session": "^1.18.2",
        "moment": ">=2.19.3",
        "request": ">=2.68.0",
        "request-promise-native": "^1.0.9",
        "uuid": "^11.1.0"
      },
      "engines": {
        "node": ">= 0.10.0"
      }
    },
    "node_modules/accepts": {
      "version": "1.2.13",
      "license": "MIT",
      "dependencies": {
        "mime-types": "~2.1.6",
        "negotiator": "0.5.3"
      },
      "engines": {
        "node": ">= 0.6"
      }
    },
    "node_modules/ajv": {
      "version": "6.12.6",
      "license": "MIT",
      "dependencies": {
        "fast-deep-equal": "^3.1.1",
        "fast-json-stable-stringify": "^2.0.0",
        "json-schema-traverse": "^0.4.1",
        "uri-js": "^4.2.2"
      },
      "funding": {
        "type": "github",
        "url": "https://github.com/sponsors/epoberezkin"
      }
    },
    "node_modules/array-flatten": {
      "version": "1.1.1",
      "license": "MIT"
    },
    "node_modules/asn1": {
      "version": "0.2.6",
      "license": "MIT",
      "dependencies": {
        "safer-buffer": "~2.1.0"
      }
    },
    "node_modules/assert-plus": {
      "version": "1.0.0",
      "license": "MIT",
      "engines": {
        "node": ">=0.8"
      }
    },
    "node_modules/asynckit": {
      "version": "0.4.0",
      "license": "MIT"
    },
    "node_modules/aws-sign2": {
      "version": "0.7.0",
      "license": "Apache-2.0",
      "engines": {
        "node": "*"
      }
    },
    "node_modules/aws4": {
      "version": "1.13.2",
      "license": "MIT"
    },
    "node_modules/bcrypt-pbkdf": {
      "version": "1.0.2",
      "license": "BSD-3-Clause",
      "dependencies": {
        "tweetnacl": "^0.14.3"
      }
    },
    "node_modules/caseless": {
      "version": "0.12.0",
      "license": "Apache-2.0"
    },
    "node_modules/combined-stream": {
      "version": "1.0.8",
      "license": "MIT",
      "dependencies": {
        "delayed-stream": "~1.0.0"
      },
      "engines": {
        "node": ">= 0.8"
      }
    },
    "node_modules/content-disposition": {
      "version": "0.5.1",
      "license": "MIT",
      "engines": {
        "node": ">= 0.6"
      }
    },
    "node_modules/content-type": {
      "version": "1.0.5",
      "license": "MIT",
      "engines": {
        "node": ">= 0.6"
      }
    },
    "node_modules/cookie": {
      "version": "0.1.3",
      "license": "MIT",
      "engines": {
        "node": "*"
      }
    },
    "node_modules/cookie-parser": {
      "version": "1.3.5",
      "license": "MIT",
      "dependencies": {
        "cookie": "0.1.3",
        "cookie-signature": "1.0.6"
      },
      "engines": {
        "node": ">= 0.8.0"
      }
    },
    "node_modules/cookie-signature": {
      "version": "1.0.6",
      "license": "MIT"
    },
    "node_modules/core-util-is": {
      "version": "1.0.2",
      "license": "MIT"
    },
    "node_modules/cors": {
      "version": "2.8.5",
      "resolved": "https://registry.npmjs.org/cors/-/cors-2.8.5.tgz",
      "integrity": "sha512-KIHbLJqu73RGr/hnbrO9uBeixNGuvSQjul/jdFvS/KFSIH1hWVd1ng7zOHx+YrEfInLG7q4n6GHQ9cDtxv/P6g==",
      "dependencies": {
        "object-assign": "^4",
        "vary": "^1"
      },
      "engines": {
        "node": ">= 0.10"
      }
    },
    "node_modules/csv-parse": {
      "version": "5.6.0",
      "resolved": "https://registry.npmjs.org/csv-parse/-/csv-parse-5.6.0.tgz",
      "integrity": "sha512-l3nz3euub2QMg5ouu5U09Ew9Wf6/wQ8I++ch1loQ0ljmzhmfZYrH9fflS22i/PQEvsPvxCwxgz5q7UB8K1JO4Q=="
    },
    "node_modules/csv-stringify": {
      "version": "6.5.2",
      "resolved": "https://registry.npmjs.org/csv-stringify/-/csv-stringify-6.5.2.tgz",
      "integrity": "sha512-RFPahj0sXcmUyjrObAK+DOWtMvMIFV328n4qZJhgX3x2RqkQgOTU2mCUmiFR0CzM6AzChlRSUErjiJeEt8BaQA=="
    },
    "node_modules/dashdash": {
      "version": "1.14.1",
      "license": "MIT",
      "dependencies": {
        "assert-plus": "^1.0.0"
      },
      "engines": {
        "node": ">=0.10"
      }
    },
    "node_modules/debug": {
      "version": "2.2.0",
      "license": "MIT",
      "dependencies": {
        "ms": "0.7.1"
      }
    },
    "node_modules/delayed-stream": {
      "version": "1.0.0",
      "license": "MIT",
      "engines": {
        "node": ">=0.4.0"
      }
    },
    "node_modules/depd": {
      "version": "1.1.2",
      "license": "MIT",
      "engines": {
        "node": ">= 0.6"
      }
    },
    "node_modules/destroy": {
      "version": "1.0.4",
      "license": "MIT"
    },
    "node_modules/dotenv": {
      "version": "16.5.0",
      "resolved": "https://registry.npmjs.org/dotenv/-/dotenv-16.5.0.tgz",
      "integrity": "sha512-m/C+AwOAr9/W1UOIZUo232ejMNnJAJtYQjUbHoNTBNTJSvqzzDh7vnrei3o3r3m9blf6ZoDkvcw0VmozNRFJxg==",
      "engines": {
        "node": ">=12"
      },
      "funding": {
        "url": "https://dotenvx.com"
      }
    },
    "node_modules/ecc-jsbn": {
      "version": "0.1.2",
      "license": "MIT",
      "dependencies": {
        "jsbn": "~0.1.0",
        "safer-buffer": "^2.1.0"
      }
    },
    "node_modules/ee-first": {
      "version": "1.1.1",
      "license": "MIT"
    },
    "node_modules/escape-html": {
      "version": "1.0.3",
      "license": "MIT"
    },
    "node_modules/etag": {
      "version": "1.7.0",
      "license": "MIT",
      "engines": {
        "node": ">= 0.6"
      }
    },
    "node_modules/express": {
      "version": "4.13.4",
      "license": "MIT",
      "dependencies": {
        "accepts": "~1.2.12",
        "array-flatten": "1.1.1",
        "content-disposition": "0.5.1",
        "content-type": "~1.0.1",
        "cookie": "0.1.5",
        "cookie-signature": "1.0.6",
        "debug": "~2.2.0",
        "depd": "~1.1.0",
        "escape-html": "~1.0.3",
        "etag": "~1.7.0",
        "finalhandler": "0.4.1",
        "fresh": "0.3.0",
        "merge-descriptors": "1.0.1",
        "methods": "~1.1.2",
        "on-finished": "~2.3.0",
        "parseurl": "~1.3.1",
        "path-to-regexp": "0.1.7",
        "proxy-addr": "~1.0.10",
        "qs": "4.0.0",
        "range-parser": "~1.0.3",
        "send": "0.13.1",
        "serve-static": "~1.10.2",
        "type-is": "~1.6.6",
        "utils-merge": "1.0.0",
        "vary": "~1.0.1"
      },
      "engines": {
        "node": ">= 0.10.0"
      }
    },
    "node_modules/express-session": {
      "version": "1.18.2",
      "resolved": "https://registry.npmjs.org/express-session/-/express-session-1.18.2.tgz",
      "integrity": "sha512-SZjssGQC7TzTs9rpPDuUrR23GNZ9+2+IkA/+IJWmvQilTr5OSliEHGF+D9scbIpdC6yGtTI0/VhaHoVes2AN/A==",
      "dependencies": {
        "cookie": "0.7.2",
        "cookie-signature": "1.0.7",
        "debug": "2.6.9",
        "depd": "~2.0.0",
        "on-headers": "~1.1.0",
        "parseurl": "~1.3.3",
        "safe-buffer": "5.2.1",
        "uid-safe": "~2.1.5"
      },
      "engines": {
        "node": ">= 0.8.0"
      }
    },
    "node_modules/express-session/node_modules/cookie": {
      "version": "0.7.2",
      "resolved": "https://registry.npmjs.org/cookie/-/cookie-0.7.2.tgz",
      "integrity": "sha512-yki5XnKuf750l50uGTllt6kKILY4nQ1eNIQatoXEByZ5dWgnKqbnqmTrBE5B4N7lrMJKQ2ytWMiTO2o0v6Ew/w==",
      "engines": {
        "node": ">= 0.6"
      }
    },
    "node_modules/express-session/node_modules/cookie-signature": {
      "version": "1.0.7",
      "resolved": "https://registry.npmjs.org/cookie-signature/-/cookie-signature-1.0.7.tgz",
      "integrity": "sha512-NXdYc3dLr47pBkpUCHtKSwIOQXLVn8dZEuywboCOJY/osA0wFSLlSawr3KN8qXJEyX66FcONTH8EIlVuK0yyFA=="
    },
    "node_modules/express-session/node_modules/debug": {
      "version": "2.6.9",
      "resolved": "https://registry.npmjs.org/debug/-/debug-2.6.9.tgz",
      "integrity": "sha512-bC7ElrdJaJnPbAP+1EotYvqZsb3ecl5wi6Bfi6BJTUcNowp6cvspg0jXznRTKDjm/E7AdgFBVeAPVMNcKGsHMA==",
      "dependencies": {
        "ms": "2.0.0"
      }
    },
    "node_modules/express-session/node_modules/depd": {
      "version": "2.0.0",
      "resolved": "https://registry.npmjs.org/depd/-/depd-2.0.0.tgz",
      "integrity": "sha512-g7nH6P6dyDioJogAAGprGpCtVImJhpPk/roCzdb3fIh61/s/nPsfR6onyMwkCAR/OlC3yBC0lESvUoQEAssIrw==",
      "engines": {
        "node": ">= 0.8"
      }
    },
    "node_modules/express-session/node_modules/ms": {
      "version": "2.0.0",
      "resolved": "https://registry.npmjs.org/ms/-/ms-2.0.0.tgz",
      "integrity": "sha512-Tpp60P6IUJDTuOq/5Z8cdskzJujfwqfOTkrwIwj7IRISpnkJnT6SyJ4PCPnGMoFjC9ddhal5KVIYtAt97ix05A=="
    },
    "node_modules/express/node_modules/cookie": {
      "version": "0.1.5",
      "license": "MIT",
      "engines": {
        "node": ">= 0.6"
      }
    },
    "node_modules/extend": {
      "version": "3.0.2",
      "license": "MIT"
    },
    "node_modules/extsprintf": {
      "version": "1.3.0",
      "engines": [
        "node >=0.6.0"
      ],
      "license": "MIT"
    },
    "node_modules/fast-deep-equal": {
      "version": "3.1.3",
      "license": "MIT"
    },
    "node_modules/fast-json-stable-stringify": {
      "version": "2.1.0",
      "license": "MIT"
    },
    "node_modules/finalhandler": {
      "version": "0.4.1",
      "license": "MIT",
      "dependencies": {
        "debug": "~2.2.0",
        "escape-html": "~1.0.3",
        "on-finished": "~2.3.0",
        "unpipe": "~1.0.0"
      },
      "engines": {
        "node": ">= 0.8"
      }
    },
    "node_modules/forever-agent": {
      "version": "0.6.1",
      "license": "Apache-2.0",
      "engines": {
        "node": "*"
      }
    },
    "node_modules/form-data": {
      "version": "2.3.3",
      "license": "MIT",
      "dependencies": {
        "asynckit": "^0.4.0",
        "combined-stream": "^1.0.6",
        "mime-types": "^2.1.12"
      },
      "engines": {
        "node": ">= 0.12"
      }
    },
    "node_modules/forwarded": {
      "version": "0.1.2",
      "license": "MIT",
      "engines": {
        "node": ">= 0.6"
      }
    },
    "node_modules/fresh": {
      "version": "0.3.0",
      "license": "MIT",
      "engines": {
        "node": ">= 0.6"
      }
    },
    "node_modules/getpass": {
      "version": "0.1.7",
      "license": "MIT",
      "dependencies": {
        "assert-plus": "^1.0.0"
      }
    },
    "node_modules/har-schema": {
      "version": "2.0.0",
      "license": "ISC",
      "engines": {
        "node": ">=4"
      }
    },
    "node_modules/har-validator": {
      "version": "5.1.5",
      "deprecated": "this library is no longer supported",
      "license": "MIT",
      "dependencies": {
        "ajv": "^6.12.3",
        "har-schema": "^2.0.0"
      },
      "engines": {
        "node": ">=6"
      }
    },
    "node_modules/http-errors": {
      "version": "1.3.1",
      "license": "MIT",
      "dependencies": {
        "inherits": "~2.0.1",
        "statuses": "1"
      },
      "engines": {
        "node": ">= 0.6"
      }
    },
    "node_modules/http-signature": {
      "version": "1.2.0",
      "license": "MIT",
      "dependencies": {
        "assert-plus": "^1.0.0",
        "jsprim": "^1.2.2",
        "sshpk": "^1.7.0"
      },
      "engines": {
        "node": ">=0.8",
        "npm": ">=1.3.7"
      }
    },
    "node_modules/inherits": {
      "version": "2.0.4",
      "license": "ISC"
    },
    "node_modules/ipaddr.js": {
      "version": "1.0.5",
      "license": "MIT",
      "engines": {
        "node": ">= 0.10"
      }
    },
    "node_modules/is-typedarray": {
      "version": "1.0.0",
      "license": "MIT"
    },
    "node_modules/isstream": {
      "version": "0.1.2",
      "license": "MIT"
    },
    "node_modules/jsbn": {
      "version": "0.1.1",
      "license": "MIT"
    },
    "node_modules/json-schema": {
      "version": "0.4.0",
      "license": "(AFL-2.1 OR BSD-3-Clause)"
    },
    "node_modules/json-schema-traverse": {
      "version": "0.4.1",
      "license": "MIT"
    },
    "node_modules/json-stringify-safe": {
      "version": "5.0.1",
      "license": "ISC"
    },
    "node_modules/jsprim": {
      "version": "1.4.2",
      "license": "MIT",
      "dependencies": {
        "assert-plus": "1.0.0",
        "extsprintf": "1.3.0",
        "json-schema": "0.4.0",
        "verror": "1.10.0"
      },
      "engines": {
        "node": ">=0.6.0"
      }
    },
    "node_modules/lodash": {
      "version": "4.17.21",
      "resolved": "https://registry.npmjs.org/lodash/-/lodash-4.17.21.tgz",
      "integrity": "sha512-v2kDEe57lecTulaDIuNTPy3Ry4gLGJ6Z1O3vE1krgXZNrsQ+LFTGHVxVjcXPs17LhbZVGedAJv8XZ1tvj5FvSg=="
    },
    "node_modules/media-typer": {
      "version": "0.3.0",
      "license": "MIT",
      "engines": {
        "node": ">= 0.6"
      }
    },
    "node_modules/merge-descriptors": {
      "version": "1.0.1",
      "license": "MIT"
    },
    "node_modules/methods": {
      "version": "1.1.2",
      "license": "MIT",
      "engines": {
        "node": ">= 0.6"
      }
    },
    "node_modules/mime": {
      "version": "1.3.4",
      "bin": {
        "mime": "cli.js"
      }
    },
    "node_modules/mime-db": {
      "version": "1.52.0",
      "license": "MIT",
      "engines": {
        "node": ">= 0.6"
      }
    },
    "node_modules/mime-types": {
      "version": "2.1.35",
      "license": "MIT",
      "dependencies": {
        "mime-db": "1.52.0"
      },
      "engines": {
        "node": ">= 0.6"
      }
    },
    "node_modules/moment": {
      "version": "2.30.1",
      "license": "MIT",
      "engines": {
        "node": "*"
      }
    },
    "node_modules/ms": {
      "version": "0.7.1"
    },
    "node_modules/negotiator": {
      "version": "0.5.3",
      "license": "MIT",
      "engines": {
        "node": ">= 0.6"
      }
    },
    "node_modules/oauth-sign": {
      "version": "0.9.0",
      "license": "Apache-2.0",
      "engines": {
        "node": "*"
      }
    },
    "node_modules/object-assign": {
      "version": "4.1.1",
      "resolved": "https://registry.npmjs.org/object-assign/-/object-assign-4.1.1.tgz",
      "integrity": "sha512-rJgTQnkUnH1sFw8yT6VSU3zD3sWmu6sZhIseY8VX+GRu3P6F7Fu+JNDoXfklElbLJSnc3FUQHVe4cU5hj+BcUg==",
      "engines": {
        "node": ">=0.10.0"
      }
    },
    "node_modules/on-finished": {
      "version": "2.3.0",
      "license": "MIT",
      "dependencies": {
        "ee-first": "1.1.1"
      },
      "engines": {
        "node": ">= 0.8"
      }
    },
    "node_modules/on-headers": {
      "version": "1.1.0",
      "resolved": "https://registry.npmjs.org/on-headers/-/on-headers-1.1.0.tgz",
      "integrity": "sha512-737ZY3yNnXy37FHkQxPzt4UZ2UWPWiCZWLvFZ4fu5cueciegX0zGPnrlY6bwRg4FdQOe9YU8MkmJwGhoMybl8A==",
      "engines": {
        "node": ">= 0.8"
      }
    },
    "node_modules/parseurl": {
      "version": "1.3.3",
      "license": "MIT",
      "engines": {
        "node": ">= 0.8"
      }
    },
    "node_modules/path-to-regexp": {
      "version": "0.1.7",
      "license": "MIT"
    },
    "node_modules/performance-now": {
      "version": "2.1.0",
      "license": "MIT"
    },
    "node_modules/proxy-addr": {
      "version": "1.0.10",
      "license": "MIT",
      "dependencies": {
        "forwarded": "~0.1.0",
        "ipaddr.js": "1.0.5"
      },
      "engines": {
        "node": ">= 0.6"
      }
    },
    "node_modules/psl": {
      "version": "1.15.0",
      "license": "MIT",
      "dependencies": {
        "punycode": "^2.3.1"
      },
      "funding": {
        "url": "https://github.com/sponsors/lupomontero"
      }
    },
    "node_modules/punycode": {
      "version": "2.3.1",
      "license": "MIT",
      "engines": {
        "node": ">=6"
      }
    },
    "node_modules/qs": {
      "version": "4.0.0",
      "license": "BSD-3-Clause"
    },
    "node_modules/random-bytes": {
      "version": "1.0.0",
      "resolved": "https://registry.npmjs.org/random-bytes/-/random-bytes-1.0.0.tgz",
      "integrity": "sha512-iv7LhNVO047HzYR3InF6pUcUsPQiHTM1Qal51DcGSuZFBil1aBBWG5eHPNek7bvILMaYJ/8RU1e8w1AMdHmLQQ==",
      "engines": {
        "node": ">= 0.8"
      }
    },
    "node_modules/range-parser": {
      "version": "1.0.3",
      "license": "MIT",
      "engines": {
        "node": ">= 0.6"
      }
    },
    "node_modules/request": {
      "version": "2.88.2",
      "deprecated": "request has been deprecated, see https://github.com/request/request/issues/3142",
      "license": "Apache-2.0",
      "dependencies": {
        "aws-sign2": "~0.7.0",
        "aws4": "^1.8.0",
        "caseless": "~0.12.0",
        "combined-stream": "~1.0.6",
        "extend": "~3.0.2",
        "forever-agent": "~0.6.1",
        "form-data": "~2.3.2",
        "har-validator": "~5.1.3",
        "http-signature": "~1.2.0",
        "is-typedarray": "~1.0.0",
        "isstream": "~0.1.2",
        "json-stringify-safe": "~5.0.1",
        "mime-types": "~2.1.19",
        "oauth-sign": "~0.9.0",
        "performance-now": "^2.1.0",
        "qs": "~6.5.2",
        "safe-buffer": "^5.1.2",
        "tough-cookie": "~2.5.0",
        "tunnel-agent": "^0.6.0",
        "uuid": "^3.3.2"
      },
      "engines": {
        "node": ">= 6"
      }
    },
    "node_modules/request-promise-core": {
      "version": "1.1.4",
      "resolved": "https://registry.npmjs.org/request-promise-core/-/request-promise-core-1.1.4.tgz",
      "integrity": "sha512-TTbAfBBRdWD7aNNOoVOBH4pN/KigV6LyapYNNlAPA8JwbovRti1E88m3sYAwsLi5ryhPKsE9APwnjFTgdUjTpw==",
      "dependencies": {
        "lodash": "^4.17.19"
      },
      "engines": {
        "node": ">=0.10.0"
      },
      "peerDependencies": {
        "request": "^2.34"
      }
    },
    "node_modules/request-promise-native": {
      "version": "1.0.9",
      "resolved": "https://registry.npmjs.org/request-promise-native/-/request-promise-native-1.0.9.tgz",
      "integrity": "sha512-wcW+sIUiWnKgNY0dqCpOZkUbF/I+YPi+f09JZIDa39Ec+q82CpSYniDp+ISgTTbKmnpJWASeJBPZmoxH84wt3g==",
      "deprecated": "request-promise-native has been deprecated because it extends the now deprecated request package, see https://github.com/request/request/issues/3142",
      "dependencies": {
        "request-promise-core": "1.1.4",
        "stealthy-require": "^1.1.1",
        "tough-cookie": "^2.3.3"
      },
      "engines": {
        "node": ">=0.12.0"
      },
      "peerDependencies": {
        "request": "^2.34"
      }
    },
    "node_modules/request/node_modules/qs": {
      "version": "6.5.3",
      "license": "BSD-3-Clause",
      "engines": {
        "node": ">=0.6"
      }
    },
    "node_modules/request/node_modules/uuid": {
      "version": "3.4.0",
      "resolved": "https://registry.npmjs.org/uuid/-/uuid-3.4.0.tgz",
      "integrity": "sha512-HjSDRw6gZE5JMggctHBcjVak08+KEVhSIiDzFnT9S9aegmp85S/bReBVTb4QTFaRNptJ9kuYaNhnbNEOkbKb/A==",
      "deprecated": "Please upgrade  to version 7 or higher.  Older versions may use Math.random() in certain circumstances, which is known to be problematic.  See https://v8.dev/blog/math-random for details.",
      "bin": {
        "uuid": "bin/uuid"
      }
    },
    "node_modules/safe-buffer": {
      "version": "5.2.1",
      "funding": [
        {
          "type": "github",
          "url": "https://github.com/sponsors/feross"
        },
        {
          "type": "patreon",
          "url": "https://www.patreon.com/feross"
        },
        {
          "type": "consulting",
          "url": "https://feross.org/support"
        }
      ],
      "license": "MIT"
    },
    "node_modules/safer-buffer": {
      "version": "2.1.2",
      "license": "MIT"
    },
    "node_modules/send": {
      "version": "0.13.1",
      "license": "MIT",
      "dependencies": {
        "debug": "~2.2.0",
        "depd": "~1.1.0",
        "destroy": "~1.0.4",
        "escape-html": "~1.0.3",
        "etag": "~1.7.0",
        "fresh": "0.3.0",
        "http-errors": "~1.3.1",
        "mime": "1.3.4",
        "ms": "0.7.1",
        "on-finished": "~2.3.0",
        "range-parser": "~1.0.3",
        "statuses": "~1.2.1"
      },
      "engines": {
        "node": ">= 0.8.0"
      }
    },
    "node_modules/serve-static": {
      "version": "1.10.3",
      "license": "MIT",
      "dependencies": {
        "escape-html": "~1.0.3",
        "parseurl": "~1.3.1",
        "send": "0.13.2"
      },
      "engines": {
        "node": ">= 0.8.0"
      }
    },
    "node_modules/serve-static/node_modules/send": {
      "version": "0.13.2",
      "license": "MIT",
      "dependencies": {
        "debug": "~2.2.0",
        "depd": "~1.1.0",
        "destroy": "~1.0.4",
        "escape-html": "~1.0.3",
        "etag": "~1.7.0",
        "fresh": "0.3.0",
        "http-errors": "~1.3.1",
        "mime": "1.3.4",
        "ms": "0.7.1",
        "on-finished": "~2.3.0",
        "range-parser": "~1.0.3",
        "statuses": "~1.2.1"
      },
      "engines": {
        "node": ">= 0.8.0"
      }
    },
    "node_modules/sshpk": {
      "version": "1.18.0",
      "license": "MIT",
      "dependencies": {
        "asn1": "~0.2.3",
        "assert-plus": "^1.0.0",
        "bcrypt-pbkdf": "^1.0.0",
        "dashdash": "^1.12.0",
        "ecc-jsbn": "~0.1.1",
        "getpass": "^0.1.1",
        "jsbn": "~0.1.0",
        "safer-buffer": "^2.0.2",
        "tweetnacl": "~0.14.0"
      },
      "bin": {
        "sshpk-conv": "bin/sshpk-conv",
        "sshpk-sign": "bin/sshpk-sign",
        "sshpk-verify": "bin/sshpk-verify"
      },
      "engines": {
        "node": ">=0.10.0"
      }
    },
    "node_modules/statuses": {
      "version": "1.2.1",
      "license": "MIT"
    },
    "node_modules/stealthy-require": {
      "version": "1.1.1",
      "resolved": "https://registry.npmjs.org/stealthy-require/-/stealthy-require-1.1.1.tgz",
      "integrity": "sha512-ZnWpYnYugiOVEY5GkcuJK1io5V8QmNYChG62gSit9pQVGErXtrKuPC55ITaVSukmMta5qpMU7vqLt2Lnni4f/g==",
      "engines": {
        "node": ">=0.10.0"
      }
    },
    "node_modules/tough-cookie": {
      "version": "2.5.0",
      "license": "BSD-3-Clause",
      "dependencies": {
        "psl": "^1.1.28",
        "punycode": "^2.1.1"
      },
      "engines": {
        "node": ">=0.8"
      }
    },
    "node_modules/tunnel-agent": {
      "version": "0.6.0",
      "license": "Apache-2.0",
      "dependencies": {
        "safe-buffer": "^5.0.1"
      },
      "engines": {
        "node": "*"
      }
    },
    "node_modules/tweetnacl": {
      "version": "0.14.5",
      "license": "Unlicense"
    },
    "node_modules/type-is": {
      "version": "1.6.18",
      "license": "MIT",
      "dependencies": {
        "media-typer": "0.3.0",
        "mime-types": "~2.1.24"
      },
      "engines": {
        "node": ">= 0.6"
      }
    },
    "node_modules/uid-safe": {
      "version": "2.1.5",
      "resolved": "https://registry.npmjs.org/uid-safe/-/uid-safe-2.1.5.tgz",
      "integrity": "sha512-KPHm4VL5dDXKz01UuEd88Df+KzynaohSL9fBh096KWAxSKZQDI2uBrVqtvRM4rwrIrRRKsdLNML/lnaaVSRioA==",
      "dependencies": {
        "random-bytes": "~1.0.0"
      },
      "engines": {
        "node": ">= 0.8"
      }
    },
    "node_modules/unpipe": {
      "version": "1.0.0",
      "license": "MIT",
      "engines": {
        "node": ">= 0.8"
      }
    },
    "node_modules/uri-js": {
      "version": "4.4.1",
      "license": "BSD-2-Clause",
      "dependencies": {
        "punycode": "^2.1.0"
      }
    },
    "node_modules/utils-merge": {
      "version": "1.0.0",
      "engines": {
        "node": ">= 0.4.0"
      }
    },
    "node_modules/uuid": {
      "version": "11.1.0",
      "resolved": "https://registry.npmjs.org/uuid/-/uuid-11.1.0.tgz",
      "integrity": "sha512-0/A9rDy9P7cJ+8w1c9WD9V//9Wj15Ce2MPz8Ri6032usz+NfePxx5AcN3bN+r6ZL6jEo066/yNYB3tn4pQEx+A==",
      "funding": [
        "https://github.com/sponsors/broofa",
        "https://github.com/sponsors/ctavan"
      ],
      "bin": {
        "uuid": "dist/esm/bin/uuid"
      }
    },
    "node_modules/vary": {
      "version": "1.0.1",
      "license": "MIT",
      "engines": {
        "node": ">= 0.8"
      }
    },
    "node_modules/verror": {
      "version": "1.10.0",
      "engines": [
        "node >=0.6.0"
      ],
      "license": "MIT",
      "dependencies": {
        "assert-plus": "^1.0.0",
        "core-util-is": "1.0.2",
        "extsprintf": "^1.2.0"
      }
    }
  },
  "dependencies": {
    "accepts": {
      "version": "1.2.13",
      "requires": {
        "mime-types": "~2.1.6",
        "negotiator": "0.5.3"
      }
    },
    "ajv": {
      "version": "6.12.6",
      "requires": {
        "fast-deep-equal": "^3.1.1",
        "fast-json-stable-stringify": "^2.0.0",
        "json-schema-traverse": "^0.4.1",
        "uri-js": "^4.2.2"
      }
    },
    "array-flatten": {
      "version": "1.1.1"
    },
    "asn1": {
      "version": "0.2.6",
      "requires": {
        "safer-buffer": "~2.1.0"
      }
    },
    "assert-plus": {
      "version": "1.0.0"
    },
    "asynckit": {
      "version": "0.4.0"
    },
    "aws-sign2": {
      "version": "0.7.0"
    },
    "aws4": {
      "version": "1.13.2"
    },
    "bcrypt-pbkdf": {
      "version": "1.0.2",
      "requires": {
        "tweetnacl": "^0.14.3"
      }
    },
    "caseless": {
      "version": "0.12.0"
    },
    "combined-stream": {
      "version": "1.0.8",
      "requires": {
        "delayed-stream": "~1.0.0"
      }
    },
    "content-disposition": {
      "version": "0.5.1"
    },
    "content-type": {
      "version": "1.0.5"
    },
    "cookie": {
      "version": "0.1.3"
    },
    "cookie-parser": {
      "version": "1.3.5",
      "requires": {
        "cookie": "0.1.3",
        "cookie-signature": "1.0.6"
      }
    },
    "cookie-signature": {
      "version": "1.0.6"
    },
    "core-util-is": {
      "version": "1.0.2"
    },
    "cors": {
      "version": "2.8.5",
      "resolved": "https://registry.npmjs.org/cors/-/cors-2.8.5.tgz",
      "integrity": "sha512-KIHbLJqu73RGr/hnbrO9uBeixNGuvSQjul/jdFvS/KFSIH1hWVd1ng7zOHx+YrEfInLG7q4n6GHQ9cDtxv/P6g==",
      "requires": {
        "object-assign": "^4",
        "vary": "^1"
      }
    },
    "csv-parse": {
      "version": "5.6.0",
      "resolved": "https://registry.npmjs.org/csv-parse/-/csv-parse-5.6.0.tgz",
      "integrity": "sha512-l3nz3euub2QMg5ouu5U09Ew9Wf6/wQ8I++ch1loQ0ljmzhmfZYrH9fflS22i/PQEvsPvxCwxgz5q7UB8K1JO4Q=="
    },
    "csv-stringify": {
      "version": "6.5.2",
      "resolved": "https://registry.npmjs.org/csv-stringify/-/csv-stringify-6.5.2.tgz",
      "integrity": "sha512-RFPahj0sXcmUyjrObAK+DOWtMvMIFV328n4qZJhgX3x2RqkQgOTU2mCUmiFR0CzM6AzChlRSUErjiJeEt8BaQA=="
    },
    "dashdash": {
      "version": "1.14.1",
      "requires": {
        "assert-plus": "^1.0.0"
      }
    },
    "debug": {
      "version": "2.2.0",
      "requires": {
        "ms": "0.7.1"
      }
    },
    "delayed-stream": {
      "version": "1.0.0"
    },
    "depd": {
      "version": "1.1.2"
    },
    "destroy": {
      "version": "1.0.4"
    },
    "dotenv": {
      "version": "16.5.0",
      "resolved": "https://registry.npmjs.org/dotenv/-/dotenv-16.5.0.tgz",
      "integrity": "sha512-m/C+AwOAr9/W1UOIZUo232ejMNnJAJtYQjUbHoNTBNTJSvqzzDh7vnrei3o3r3m9blf6ZoDkvcw0VmozNRFJxg=="
    },
    "ecc-jsbn": {
      "version": "0.1.2",
      "requires": {
        "jsbn": "~0.1.0",
        "safer-buffer": "^2.1.0"
      }
    },
    "ee-first": {
      "version": "1.1.1"
    },
    "escape-html": {
      "version": "1.0.3"
    },
    "etag": {
      "version": "1.7.0"
    },
    "express": {
      "version": "4.13.4",
      "requires": {
        "accepts": "~1.2.12",
        "array-flatten": "1.1.1",
        "content-disposition": "0.5.1",
        "content-type": "~1.0.1",
        "cookie": "0.1.5",
        "cookie-signature": "1.0.6",
        "debug": "~2.2.0",
        "depd": "~1.1.0",
        "escape-html": "~1.0.3",
        "etag": "~1.7.0",
        "finalhandler": "0.4.1",
        "fresh": "0.3.0",
        "merge-descriptors": "1.0.1",
        "methods": "~1.1.2",
        "on-finished": "~2.3.0",
        "parseurl": "~1.3.1",
        "path-to-regexp": "0.1.7",
        "proxy-addr": "~1.0.10",
        "qs": "4.0.0",
        "range-parser": "~1.0.3",
        "send": "0.13.1",
        "serve-static": "~1.10.2",
        "type-is": "~1.6.6",
        "utils-merge": "1.0.0",
        "vary": "~1.0.1"
      },
      "dependencies": {
        "cookie": {
          "version": "0.1.5"
        }
      }
    },
    "express-session": {
      "version": "1.18.2",
      "resolved": "https://registry.npmjs.org/express-session/-/express-session-1.18.2.tgz",
      "integrity": "sha512-SZjssGQC7TzTs9rpPDuUrR23GNZ9+2+IkA/+IJWmvQilTr5OSliEHGF+D9scbIpdC6yGtTI0/VhaHoVes2AN/A==",
      "requires": {
        "cookie": "0.7.2",
        "cookie-signature": "1.0.7",
        "debug": "2.6.9",
        "depd": "~2.0.0",
        "on-headers": "~1.1.0",
        "parseurl": "~1.3.3",
        "safe-buffer": "5.2.1",
        "uid-safe": "~2.1.5"
      },
      "dependencies": {
        "cookie": {
          "version": "0.7.2",
          "resolved": "https://registry.npmjs.org/cookie/-/cookie-0.7.2.tgz",
          "integrity": "sha512-yki5XnKuf750l50uGTllt6kKILY4nQ1eNIQatoXEByZ5dWgnKqbnqmTrBE5B4N7lrMJKQ2ytWMiTO2o0v6Ew/w=="
        },
        "cookie-signature": {
          "version": "1.0.7",
          "resolved": "https://registry.npmjs.org/cookie-signature/-/cookie-signature-1.0.7.tgz",
          "integrity": "sha512-NXdYc3dLr47pBkpUCHtKSwIOQXLVn8dZEuywboCOJY/osA0wFSLlSawr3KN8qXJEyX66FcONTH8EIlVuK0yyFA=="
        },
        "debug": {
          "version": "2.6.9",
          "resolved": "https://registry.npmjs.org/debug/-/debug-2.6.9.tgz",
          "integrity": "sha512-bC7ElrdJaJnPbAP+1EotYvqZsb3ecl5wi6Bfi6BJTUcNowp6cvspg0jXznRTKDjm/E7AdgFBVeAPVMNcKGsHMA==",
          "requires": {
            "ms": "2.0.0"
          }
        },
        "depd": {
          "version": "2.0.0",
          "resolved": "https://registry.npmjs.org/depd/-/depd-2.0.0.tgz",
          "integrity": "sha512-g7nH6P6dyDioJogAAGprGpCtVImJhpPk/roCzdb3fIh61/s/nPsfR6onyMwkCAR/OlC3yBC0lESvUoQEAssIrw=="
        },
        "ms": {
          "version": "2.0.0",
          "resolved": "https://registry.npmjs.org/ms/-/ms-2.0.0.tgz",
          "integrity": "sha512-Tpp60P6IUJDTuOq/5Z8cdskzJujfwqfOTkrwIwj7IRISpnkJnT6SyJ4PCPnGMoFjC9ddhal5KVIYtAt97ix05A=="
        }
      }
    },
    "extend": {
      "version": "3.0.2"
    },
    "extsprintf": {
      "version": "1.3.0"
    },
    "fast-deep-equal": {
      "version": "3.1.3"
    },
    "fast-json-stable-stringify": {
      "version": "2.1.0"
    },
    "finalhandler": {
      "version": "0.4.1",
      "requires": {
        "debug": "~2.2.0",
        "escape-html": "~1.0.3",
        "on-finished": "~2.3.0",
        "unpipe": "~1.0.0"
      }
    },
    "forever-agent": {
      "version": "0.6.1"
    },
    "form-data": {
      "version": "2.3.3",
      "requires": {
        "asynckit": "^0.4.0",
        "combined-stream": "^1.0.6",
        "mime-types": "^2.1.12"
      }
    },
    "forwarded": {
      "version": "0.1.2"
    },
    "fresh": {
      "version": "0.3.0"
    },
    "getpass": {
      "version": "0.1.7",
      "requires": {
        "assert-plus": "^1.0.0"
      }
    },
    "har-schema": {
      "version": "2.0.0"
    },
    "har-validator": {
      "version": "5.1.5",
      "requires": {
        "ajv": "^6.12.3",
        "har-schema": "^2.0.0"
      }
    },
    "http-errors": {
      "version": "1.3.1",
      "requires": {
        "inherits": "~2.0.1",
        "statuses": "1"
      }
    },
    "http-signature": {
      "version": "1.2.0",
      "requires": {
        "assert-plus": "^1.0.0",
        "jsprim": "^1.2.2",
        "sshpk": "^1.7.0"
      }
    },
    "inherits": {
      "version": "2.0.4"
    },
    "ipaddr.js": {
      "version": "1.0.5"
    },
    "is-typedarray": {
      "version": "1.0.0"
    },
    "isstream": {
      "version": "0.1.2"
    },
    "jsbn": {
      "version": "0.1.1"
    },
    "json-schema": {
      "version": "0.4.0"
    },
    "json-schema-traverse": {
      "version": "0.4.1"
    },
    "json-stringify-safe": {
      "version": "5.0.1"
    },
    "jsprim": {
      "version": "1.4.2",
      "requires": {
        "assert-plus": "1.0.0",
        "extsprintf": "1.3.0",
        "json-schema": "0.4.0",
        "verror": "1.10.0"
      }
    },
    "lodash": {
      "version": "4.17.21",
      "resolved": "https://registry.npmjs.org/lodash/-/lodash-4.17.21.tgz",
      "integrity": "sha512-v2kDEe57lecTulaDIuNTPy3Ry4gLGJ6Z1O3vE1krgXZNrsQ+LFTGHVxVjcXPs17LhbZVGedAJv8XZ1tvj5FvSg=="
    },
    "media-typer": {
      "version": "0.3.0"
    },
    "merge-descriptors": {
      "version": "1.0.1"
    },
    "methods": {
      "version": "1.1.2"
    },
    "mime": {
      "version": "1.3.4"
    },
    "mime-db": {
      "version": "1.52.0"
    },
    "mime-types": {
      "version": "2.1.35",
      "requires": {
        "mime-db": "1.52.0"
      }
    },
    "moment": {
      "version": "2.30.1"
    },
    "ms": {
      "version": "0.7.1"
    },
    "negotiator": {
      "version": "0.5.3"
    },
    "oauth-sign": {
      "version": "0.9.0"
    },
    "object-assign": {
      "version": "4.1.1",
      "resolved": "https://registry.npmjs.org/object-assign/-/object-assign-4.1.1.tgz",
      "integrity": "sha512-rJgTQnkUnH1sFw8yT6VSU3zD3sWmu6sZhIseY8VX+GRu3P6F7Fu+JNDoXfklElbLJSnc3FUQHVe4cU5hj+BcUg=="
    },
    "on-finished": {
      "version": "2.3.0",
      "requires": {
        "ee-first": "1.1.1"
      }
    },
    "on-headers": {
      "version": "1.1.0",
      "resolved": "https://registry.npmjs.org/on-headers/-/on-headers-1.1.0.tgz",
      "integrity": "sha512-737ZY3yNnXy37FHkQxPzt4UZ2UWPWiCZWLvFZ4fu5cueciegX0zGPnrlY6bwRg4FdQOe9YU8MkmJwGhoMybl8A=="
    },
    "parseurl": {
      "version": "1.3.3"
    },
    "path-to-regexp": {
      "version": "0.1.7"
    },
    "performance-now": {
      "version": "2.1.0"
    },
    "proxy-addr": {
      "version": "1.0.10",
      "requires": {
        "forwarded": "~0.1.0",
        "ipaddr.js": "1.0.5"
      }
    },
    "psl": {
      "version": "1.15.0",
      "requires": {
        "punycode": "^2.3.1"
      }
    },
    "punycode": {
      "version": "2.3.1"
    },
    "qs": {
      "version": "4.0.0"
    },
    "random-bytes": {
      "version": "1.0.0",
      "resolved": "https://registry.npmjs.org/random-bytes/-/random-bytes-1.0.0.tgz",
      "integrity": "sha512-iv7LhNVO047HzYR3InF6pUcUsPQiHTM1Qal51DcGSuZFBil1aBBWG5eHPNek7bvILMaYJ/8RU1e8w1AMdHmLQQ=="
    },
    "range-parser": {
      "version": "1.0.3"
    },
    "request": {
      "version": "2.88.2",
      "requires": {
        "aws-sign2": "~0.7.0",
        "aws4": "^1.8.0",
        "caseless": "~0.12.0",
        "combined-stream": "~1.0.6",
        "extend": "~3.0.2",
        "forever-agent": "~0.6.1",
        "form-data": "~2.3.2",
        "har-validator": "~5.1.3",
        "http-signature": "~1.2.0",
        "is-typedarray": "~1.0.0",
        "isstream": "~0.1.2",
        "json-stringify-safe": "~5.0.1",
        "mime-types": "~2.1.19",
        "oauth-sign": "~0.9.0",
        "performance-now": "^2.1.0",
        "qs": "~6.5.2",
        "safe-buffer": "^5.1.2",
        "tough-cookie": "~2.5.0",
        "tunnel-agent": "^0.6.0",
        "uuid": "^3.3.2"
      },
      "dependencies": {
        "qs": {
          "version": "6.5.3"
        },
        "uuid": {
          "version": "3.4.0",
          "resolved": "https://registry.npmjs.org/uuid/-/uuid-3.4.0.tgz",
          "integrity": "sha512-HjSDRw6gZE5JMggctHBcjVak08+KEVhSIiDzFnT9S9aegmp85S/bReBVTb4QTFaRNptJ9kuYaNhnbNEOkbKb/A=="
        }
      }
    },
    "request-promise-core": {
      "version": "1.1.4",
      "resolved": "https://registry.npmjs.org/request-promise-core/-/request-promise-core-1.1.4.tgz",
      "integrity": "sha512-TTbAfBBRdWD7aNNOoVOBH4pN/KigV6LyapYNNlAPA8JwbovRti1E88m3sYAwsLi5ryhPKsE9APwnjFTgdUjTpw==",
      "requires": {
        "lodash": "^4.17.19"
      }
    },
    "request-promise-native": {
      "version": "1.0.9",
      "resolved": "https://registry.npmjs.org/request-promise-native/-/request-promise-native-1.0.9.tgz",
      "integrity": "sha512-wcW+sIUiWnKgNY0dqCpOZkUbF/I+YPi+f09JZIDa39Ec+q82CpSYniDp+ISgTTbKmnpJWASeJBPZmoxH84wt3g==",
      "requires": {
        "request-promise-core": "1.1.4",
        "stealthy-require": "^1.1.1",
        "tough-cookie": "^2.3.3"
      }
    },
    "safe-buffer": {
      "version": "5.2.1"
    },
    "safer-buffer": {
      "version": "2.1.2"
    },
    "send": {
      "version": "0.13.1",
      "requires": {
        "debug": "~2.2.0",
        "depd": "~1.1.0",
        "destroy": "~1.0.4",
        "escape-html": "~1.0.3",
        "etag": "~1.7.0",
        "fresh": "0.3.0",
        "http-errors": "~1.3.1",
        "mime": "1.3.4",
        "ms": "0.7.1",
        "on-finished": "~2.3.0",
        "range-parser": "~1.0.3",
        "statuses": "~1.2.1"
      }
    },
    "serve-static": {
      "version": "1.10.3",
      "requires": {
        "escape-html": "~1.0.3",
        "parseurl": "~1.3.1",
        "send": "0.13.2"
      },
      "dependencies": {
        "send": {
          "version": "0.13.2",
          "requires": {
            "debug": "~2.2.0",
            "depd": "~1.1.0",
            "destroy": "~1.0.4",
            "escape-html": "~1.0.3",
            "etag": "~1.7.0",
            "fresh": "0.3.0",
            "http-errors": "~1.3.1",
            "mime": "1.3.4",
            "ms": "0.7.1",
            "on-finished": "~2.3.0",
            "range-parser": "~1.0.3",
            "statuses": "~1.2.1"
          }
        }
      }
    },
    "sshpk": {
      "version": "1.18.0",
      "requires": {
        "asn1": "~0.2.3",
        "assert-plus": "^1.0.0",
        "bcrypt-pbkdf": "^1.0.0",
        "dashdash": "^1.12.0",
        "ecc-jsbn": "~0.1.1",
        "getpass": "^0.1.1",
        "jsbn": "~0.1.0",
        "safer-buffer": "^2.0.2",
        "tweetnacl": "~0.14.0"
      }
    },
    "statuses": {
      "version": "1.2.1"
    },
    "stealthy-require": {
      "version": "1.1.1",
      "resolved": "https://registry.npmjs.org/stealthy-require/-/stealthy-require-1.1.1.tgz",
      "integrity": "sha512-ZnWpYnYugiOVEY5GkcuJK1io5V8QmNYChG62gSit9pQVGErXtrKuPC55ITaVSukmMta5qpMU7vqLt2Lnni4f/g=="
    },
    "tough-cookie": {
      "version": "2.5.0",
      "requires": {
        "psl": "^1.1.28",
        "punycode": "^2.1.1"
      }
    },
    "tunnel-agent": {
      "version": "0.6.0",
      "requires": {
        "safe-buffer": "^5.0.1"
      }
    },
    "tweetnacl": {
      "version": "0.14.5"
    },
    "type-is": {
      "version": "1.6.18",
      "requires": {
        "media-typer": "0.3.0",
        "mime-types": "~2.1.24"
      }
    },
    "uid-safe": {
      "version": "2.1.5",
      "resolved": "https://registry.npmjs.org/uid-safe/-/uid-safe-2.1.5.tgz",
      "integrity": "sha512-KPHm4VL5dDXKz01UuEd88Df+KzynaohSL9fBh096KWAxSKZQDI2uBrVqtvRM4rwrIrRRKsdLNML/lnaaVSRioA==",
      "requires": {
        "random-bytes": "~1.0.0"
      }
    },
    "unpipe": {
      "version": "1.0.0"
    },
    "uri-js": {
      "version": "4.4.1",
      "requires": {
        "punycode": "^2.1.0"
      }
    },
    "utils-merge": {
      "version": "1.0.0"
    },
    "uuid": {
      "version": "11.1.0",
      "resolved": "https://registry.npmjs.org/uuid/-/uuid-11.1.0.tgz",
      "integrity": "sha512-0/A9rDy9P7cJ+8w1c9WD9V//9Wj15Ce2MPz8Ri6032usz+NfePxx5AcN3bN+r6ZL6jEo066/yNYB3tn4pQEx+A=="
    },
    "vary": {
      "version": "1.0.1"
    },
    "verror": {
      "version": "1.10.0",
      "requires": {
        "assert-plus": "^1.0.0",
        "core-util-is": "1.0.2",
        "extsprintf": "^1.2.0"
      }
    }
  }
}
